// !$*UTF8*$!
{
	archiveVersion = 1;
	classes = {
	};
	objectVersion = 50;
	objects = {

/* Begin PBXBuildFile section */
		9E1E12582429F4A700CCA727 /* AppDelegate.swift in Sources */ = {isa = PBXBuildFile; fileRef = 9E1E12572429F4A700CCA727 /* AppDelegate.swift */; };
		9E1E125C2429F4A700CCA727 /* ListOfPhotosVC.swift in Sources */ = {isa = PBXBuildFile; fileRef = 9E1E125B2429F4A700CCA727 /* ListOfPhotosVC.swift */; };
		9E1E125F2429F4A700CCA727 /* Main.storyboard in Resources */ = {isa = PBXBuildFile; fileRef = 9E1E125D2429F4A700CCA727 /* Main.storyboard */; };
		9E1E12612429F4AB00CCA727 /* Assets.xcassets in Resources */ = {isa = PBXBuildFile; fileRef = 9E1E12602429F4AB00CCA727 /* Assets.xcassets */; };
		9E1E12642429F4AB00CCA727 /* LaunchScreen.storyboard in Resources */ = {isa = PBXBuildFile; fileRef = 9E1E12622429F4AB00CCA727 /* LaunchScreen.storyboard */; };
		9E1E12742429FB4200CCA727 /* Default-568h@2x.png in Resources */ = {isa = PBXBuildFile; fileRef = 9E1E12732429FB4200CCA727 /* Default-568h@2x.png */; };
		9E1E127B2429FCD400CCA727 /* NetworkService.swift in Sources */ = {isa = PBXBuildFile; fileRef = 9E1E127A2429FCD400CCA727 /* NetworkService.swift */; };
		9E1E127D2429FCE800CCA727 /* ListOfImages.swift in Sources */ = {isa = PBXBuildFile; fileRef = 9E1E127C2429FCE800CCA727 /* ListOfImages.swift */; };
		9E1E127F242A05AE00CCA727 /* ListOfPhotosCell.swift in Sources */ = {isa = PBXBuildFile; fileRef = 9E1E127E242A05AE00CCA727 /* ListOfPhotosCell.swift */; };
		9E9F72FC242A4F7A00C3A743 /* WorkWithImage.swift in Sources */ = {isa = PBXBuildFile; fileRef = 9E9F72FB242A4F7A00C3A743 /* WorkWithImage.swift */; };
		9EAF6E29242B6ACE00D28171 /* PhotoVC.swift in Sources */ = {isa = PBXBuildFile; fileRef = 9EAF6E28242B6ACE00D28171 /* PhotoVC.swift */; };
/* End PBXBuildFile section */

/* Begin PBXFileReference section */
		9E1E12542429F4A700CCA727 /* TestTask Images.app */ = {isa = PBXFileReference; explicitFileType = wrapper.application; includeInIndex = 0; path = "TestTask Images.app"; sourceTree = BUILT_PRODUCTS_DIR; };
		9E1E12572429F4A700CCA727 /* AppDelegate.swift */ = {isa = PBXFileReference; lastKnownFileType = sourcecode.swift; path = AppDelegate.swift; sourceTree = "<group>"; };
		9E1E125B2429F4A700CCA727 /* ListOfPhotosVC.swift */ = {isa = PBXFileReference; lastKnownFileType = sourcecode.swift; path = ListOfPhotosVC.swift; sourceTree = "<group>"; };
		9E1E125E2429F4A700CCA727 /* Base */ = {isa = PBXFileReference; lastKnownFileType = file.storyboard; name = Base; path = Base.lproj/Main.storyboard; sourceTree = "<group>"; };
		9E1E12602429F4AB00CCA727 /* Assets.xcassets */ = {isa = PBXFileReference; lastKnownFileType = folder.assetcatalog; path = Assets.xcassets; sourceTree = "<group>"; };
		9E1E12632429F4AB00CCA727 /* Base */ = {isa = PBXFileReference; lastKnownFileType = file.storyboard; name = Base; path = Base.lproj/LaunchScreen.storyboard; sourceTree = "<group>"; };
		9E1E12652429F4AB00CCA727 /* Info.plist */ = {isa = PBXFileReference; lastKnownFileType = text.plist.xml; path = Info.plist; sourceTree = "<group>"; };
		9E1E12732429FB4200CCA727 /* Default-568h@2x.png */ = {isa = PBXFileReference; lastKnownFileType = image.png; path = "Default-568h@2x.png"; sourceTree = "<group>"; };
		9E1E127A2429FCD400CCA727 /* NetworkService.swift */ = {isa = PBXFileReference; lastKnownFileType = sourcecode.swift; path = NetworkService.swift; sourceTree = "<group>"; };
		9E1E127C2429FCE800CCA727 /* ListOfImages.swift */ = {isa = PBXFileReference; lastKnownFileType = sourcecode.swift; path = ListOfImages.swift; sourceTree = "<group>"; };
		9E1E127E242A05AE00CCA727 /* ListOfPhotosCell.swift */ = {isa = PBXFileReference; lastKnownFileType = sourcecode.swift; path = ListOfPhotosCell.swift; sourceTree = "<group>"; };
		9E9F72FB242A4F7A00C3A743 /* WorkWithImage.swift */ = {isa = PBXFileReference; lastKnownFileType = sourcecode.swift; path = WorkWithImage.swift; sourceTree = "<group>"; };
		9EAF6E28242B6ACE00D28171 /* PhotoVC.swift */ = {isa = PBXFileReference; lastKnownFileType = sourcecode.swift; path = PhotoVC.swift; sourceTree = "<group>"; };
/* End PBXFileReference section */

/* Begin PBXFrameworksBuildPhase section */
		9E1E12512429F4A700CCA727 /* Frameworks */ = {
			isa = PBXFrameworksBuildPhase;
			buildActionMask = 2147483647;
			files = (
			);
			runOnlyForDeploymentPostprocessing = 0;
		};
/* End PBXFrameworksBuildPhase section */

/* Begin PBXGroup section */
		9E1E124B2429F4A600CCA727 = {
			isa = PBXGroup;
			children = (
				9E1E12732429FB4200CCA727 /* Default-568h@2x.png */,
				9E1E12562429F4A700CCA727 /* TestTask Images */,
				9E1E12552429F4A700CCA727 /* Products */,
			);
			sourceTree = "<group>";
		};
		9E1E12552429F4A700CCA727 /* Products */ = {
			isa = PBXGroup;
			children = (
				9E1E12542429F4A700CCA727 /* TestTask Images.app */,
			);
			name = Products;
			sourceTree = "<group>";
		};
		9E1E12562429F4A700CCA727 /* TestTask Images */ = {
			isa = PBXGroup;
			children = (
				9E1E126B2429F98300CCA727 /* Application */,
				9E1E126F2429F9E400CCA727 /* ListOfImages */,
				9E1E12752429FC2300CCA727 /* Image */,
				9E1E126E2429F9C300CCA727 /* SupportFiles */,
			);
			path = "TestTask Images";
			sourceTree = "<group>";
		};
		9E1E126B2429F98300CCA727 /* Application */ = {
			isa = PBXGroup;
			children = (
				9E1E126D2429F9A800CCA727 /* View */,
				9E1E126C2429F99400CCA727 /* Controller */,
				9E1E12792429FCB000CCA727 /* Network */,
				9EAF6E27242B5AE200D28171 /* SupportFunc */,
			);
			path = Application;
			sourceTree = "<group>";
		};
		9E1E126C2429F99400CCA727 /* Controller */ = {
			isa = PBXGroup;
			children = (
				9E1E12572429F4A700CCA727 /* AppDelegate.swift */,
			);
			path = Controller;
			sourceTree = "<group>";
		};
		9E1E126D2429F9A800CCA727 /* View */ = {
			isa = PBXGroup;
			children = (
				9E1E12622429F4AB00CCA727 /* LaunchScreen.storyboard */,
				9E1E125D2429F4A700CCA727 /* Main.storyboard */,
			);
			path = View;
			sourceTree = "<group>";
		};
		9E1E126E2429F9C300CCA727 /* SupportFiles */ = {
			isa = PBXGroup;
			children = (
				9E1E12602429F4AB00CCA727 /* Assets.xcassets */,
				9E1E12652429F4AB00CCA727 /* Info.plist */,
			);
			path = SupportFiles;
			sourceTree = "<group>";
		};
		9E1E126F2429F9E400CCA727 /* ListOfImages */ = {
			isa = PBXGroup;
			children = (
				9E1E12722429FA1700CCA727 /* Model */,
				9E1E12702429F9F800CCA727 /* View */,
				9E1E12712429FA0A00CCA727 /* Controller */,
				9E9F72FA242A4F4400C3A743 /* SupportFunc */,
			);
			path = ListOfImages;
			sourceTree = "<group>";
		};
		9E1E12702429F9F800CCA727 /* View */ = {
			isa = PBXGroup;
			children = (
				9E1E127E242A05AE00CCA727 /* ListOfPhotosCell.swift */,
			);
			name = View;
			sourceTree = "<group>";
		};
		9E1E12712429FA0A00CCA727 /* Controller */ = {
			isa = PBXGroup;
			children = (
				9E1E125B2429F4A700CCA727 /* ListOfPhotosVC.swift */,
			);
			name = Controller;
			sourceTree = "<group>";
		};
		9E1E12722429FA1700CCA727 /* Model */ = {
			isa = PBXGroup;
			children = (
				9E1E127C2429FCE800CCA727 /* ListOfImages.swift */,
			);
			name = Model;
			sourceTree = "<group>";
		};
		9E1E12752429FC2300CCA727 /* Image */ = {
			isa = PBXGroup;
			children = (
				9E1E12772429FC4700CCA727 /* Controller */,
			);
			name = Image;
			path = ListOfImages;
			sourceTree = "<group>";
		};
		9E1E12772429FC4700CCA727 /* Controller */ = {
			isa = PBXGroup;
			children = (
				9EAF6E28242B6ACE00D28171 /* PhotoVC.swift */,
			);
			path = Controller;
			sourceTree = "<group>";
		};
		9E1E12792429FCB000CCA727 /* Network */ = {
			isa = PBXGroup;
			children = (
				9E1E127A2429FCD400CCA727 /* NetworkService.swift */,
			);
			path = Network;
			sourceTree = "<group>";
		};
		9E9F72FA242A4F4400C3A743 /* SupportFunc */ = {
			isa = PBXGroup;
			children = (
				9E9F72FB242A4F7A00C3A743 /* WorkWithImage.swift */,
			);
			name = SupportFunc;
			sourceTree = "<group>";
		};
		9EAF6E27242B5AE200D28171 /* SupportFunc */ = {
			isa = PBXGroup;
			children = (
			);
			path = SupportFunc;
			sourceTree = "<group>";
		};
/* End PBXGroup section */

/* Begin PBXNativeTarget section */
		9E1E12532429F4A700CCA727 /* TestTask Images */ = {
			isa = PBXNativeTarget;
			buildConfigurationList = 9E1E12682429F4AB00CCA727 /* Build configuration list for PBXNativeTarget "TestTask Images" */;
			buildPhases = (
				9E1E12502429F4A700CCA727 /* Sources */,
				9E1E12512429F4A700CCA727 /* Frameworks */,
				9E1E12522429F4A700CCA727 /* Resources */,
			);
			buildRules = (
			);
			dependencies = (
			);
			name = "TestTask Images";
			productName = "TestTask Images";
			productReference = 9E1E12542429F4A700CCA727 /* TestTask Images.app */;
			productType = "com.apple.product-type.application";
		};
/* End PBXNativeTarget section */

/* Begin PBXProject section */
		9E1E124C2429F4A600CCA727 /* Project object */ = {
			isa = PBXProject;
			attributes = {
				LastSwiftUpdateCheck = 1130;
				LastUpgradeCheck = 1130;
				ORGANIZATIONNAME = "Максим Окунеев";
				TargetAttributes = {
					9E1E12532429F4A700CCA727 = {
						CreatedOnToolsVersion = 11.3.1;
					};
				};
			};
			buildConfigurationList = 9E1E124F2429F4A600CCA727 /* Build configuration list for PBXProject "TestTask Images" */;
			compatibilityVersion = "Xcode 9.3";
			developmentRegion = en;
			hasScannedForEncodings = 0;
			knownRegions = (
				en,
				Base,
			);
			mainGroup = 9E1E124B2429F4A600CCA727;
			productRefGroup = 9E1E12552429F4A700CCA727 /* Products */;
			projectDirPath = "";
			projectRoot = "";
			targets = (
				9E1E12532429F4A700CCA727 /* TestTask Images */,
			);
		};
/* End PBXProject section */

/* Begin PBXResourcesBuildPhase section */
		9E1E12522429F4A700CCA727 /* Resources */ = {
			isa = PBXResourcesBuildPhase;
			buildActionMask = 2147483647;
			files = (
				9E1E12642429F4AB00CCA727 /* LaunchScreen.storyboard in Resources */,
				9E1E12742429FB4200CCA727 /* Default-568h@2x.png in Resources */,
				9E1E12612429F4AB00CCA727 /* Assets.xcassets in Resources */,
				9E1E125F2429F4A700CCA727 /* Main.storyboard in Resources */,
			);
			runOnlyForDeploymentPostprocessing = 0;
		};
/* End PBXResourcesBuildPhase section */

/* Begin PBXSourcesBuildPhase section */
		9E1E12502429F4A700CCA727 /* Sources */ = {
			isa = PBXSourcesBuildPhase;
			buildActionMask = 2147483647;
			files = (
				9E1E127D2429FCE800CCA727 /* ListOfImages.swift in Sources */,
				9EAF6E29242B6ACE00D28171 /* PhotoVC.swift in Sources */,
				9E1E127F242A05AE00CCA727 /* ListOfPhotosCell.swift in Sources */,
				9E1E125C2429F4A700CCA727 /* ListOfPhotosVC.swift in Sources */,
				9E1E127B2429FCD400CCA727 /* NetworkService.swift in Sources */,
				9E1E12582429F4A700CCA727 /* AppDelegate.swift in Sources */,
				9E9F72FC242A4F7A00C3A743 /* WorkWithImage.swift in Sources */,
			);
			runOnlyForDeploymentPostprocessing = 0;
		};
/* End PBXSourcesBuildPhase section */

/* Begin PBXVariantGroup section */
		9E1E125D2429F4A700CCA727 /* Main.storyboard */ = {
			isa = PBXVariantGroup;
			children = (
				9E1E125E2429F4A700CCA727 /* Base */,
			);
			name = Main.storyboard;
			sourceTree = "<group>";
		};
		9E1E12622429F4AB00CCA727 /* LaunchScreen.storyboard */ = {
			isa = PBXVariantGroup;
			children = (
				9E1E12632429F4AB00CCA727 /* Base */,
			);
			name = LaunchScreen.storyboard;
			sourceTree = "<group>";
		};
/* End PBXVariantGroup section */

/* Begin XCBuildConfiguration section */
		9E1E12662429F4AB00CCA727 /* Debug */ = {
			isa = XCBuildConfiguration;
			buildSettings = {
				ALWAYS_SEARCH_USER_PATHS = NO;
				CLANG_ANALYZER_NONNULL = YES;
				CLANG_ANALYZER_NUMBER_OBJECT_CONVERSION = YES_AGGRESSIVE;
				CLANG_CXX_LANGUAGE_STANDARD = "gnu++14";
				CLANG_CXX_LIBRARY = "libc++";
				CLANG_ENABLE_MODULES = YES;
				CLANG_ENABLE_OBJC_ARC = YES;
				CLANG_ENABLE_OBJC_WEAK = YES;
				CLANG_WARN_BLOCK_CAPTURE_AUTORELEASING = YES;
				CLANG_WARN_BOOL_CONVERSION = YES;
				CLANG_WARN_COMMA = YES;
				CLANG_WARN_CONSTANT_CONVERSION = YES;
				CLANG_WARN_DEPRECATED_OBJC_IMPLEMENTATIONS = YES;
				CLANG_WARN_DIRECT_OBJC_ISA_USAGE = YES_ERROR;
				CLANG_WARN_DOCUMENTATION_COMMENTS = YES;
				CLANG_WARN_EMPTY_BODY = YES;
				CLANG_WARN_ENUM_CONVERSION = YES;
				CLANG_WARN_INFINITE_RECURSION = YES;
				CLANG_WARN_INT_CONVERSION = YES;
				CLANG_WARN_NON_LITERAL_NULL_CONVERSION = YES;
				CLANG_WARN_OBJC_IMPLICIT_RETAIN_SELF = YES;
				CLANG_WARN_OBJC_LITERAL_CONVERSION = YES;
				CLANG_WARN_OBJC_ROOT_CLASS = YES_ERROR;
				CLANG_WARN_RANGE_LOOP_ANALYSIS = YES;
				CLANG_WARN_STRICT_PROTOTYPES = YES;
				CLANG_WARN_SUSPICIOUS_MOVE = YES;
				CLANG_WARN_UNGUARDED_AVAILABILITY = YES_AGGRESSIVE;
				CLANG_WARN_UNREACHABLE_CODE = YES;
				CLANG_WARN__DUPLICATE_METHOD_MATCH = YES;
				COPY_PHASE_STRIP = NO;
				DEBUG_INFORMATION_FORMAT = dwarf;
				ENABLE_STRICT_OBJC_MSGSEND = YES;
				ENABLE_TESTABILITY = YES;
				GCC_C_LANGUAGE_STANDARD = gnu11;
				GCC_DYNAMIC_NO_PIC = NO;
				GCC_NO_COMMON_BLOCKS = YES;
				GCC_OPTIMIZATION_LEVEL = 0;
				GCC_PREPROCESSOR_DEFINITIONS = (
					"DEBUG=1",
					"$(inherited)",
				);
				GCC_WARN_64_TO_32_BIT_CONVERSION = YES;
				GCC_WARN_ABOUT_RETURN_TYPE = YES_ERROR;
				GCC_WARN_UNDECLARED_SELECTOR = YES;
				GCC_WARN_UNINITIALIZED_AUTOS = YES_AGGRESSIVE;
				GCC_WARN_UNUSED_FUNCTION = YES;
				GCC_WARN_UNUSED_VARIABLE = YES;
				IPHONEOS_DEPLOYMENT_TARGET = 13.2;
				MTL_ENABLE_DEBUG_INFO = INCLUDE_SOURCE;
				MTL_FAST_MATH = YES;
				ONLY_ACTIVE_ARCH = YES;
				SDKROOT = iphoneos;
				SWIFT_ACTIVE_COMPILATION_CONDITIONS = DEBUG;
				SWIFT_OPTIMIZATION_LEVEL = "-Onone";
			};
			name = Debug;
		};
		9E1E12692429F4AB00CCA727 /* Debug */ = {
			isa = XCBuildConfiguration;
			buildSettings = {
				ASSETCATALOG_COMPILER_APPICON_NAME = AppIcon;
				CODE_SIGN_STYLE = Automatic;
				DEVELOPMENT_TEAM = WJR74JV9LN;
				INFOPLIST_FILE = "$(SRCROOT)/TestTask Images/SupportFiles/Info.plist";
				IPHONEOS_DEPLOYMENT_TARGET = 11.0;
				LD_RUNPATH_SEARCH_PATHS = (
					"$(inherited)",
					"@executable_path/Frameworks",
				);
				PRODUCT_BUNDLE_IDENTIFIER = "-.TestTask-Images";
				PRODUCT_NAME = "$(TARGET_NAME)";
				SWIFT_VERSION = 5.0;
				TARGETED_DEVICE_FAMILY = 1;
			};
			name = Debug;
		};
/* End XCBuildConfiguration section */

/* Begin XCConfigurationList section */
		9E1E124F2429F4A600CCA727 /* Build configuration list for PBXProject "TestTask Images" */ = {
			isa = XCConfigurationList;
			buildConfigurations = (
				9E1E12662429F4AB00CCA727 /* Debug */,
			);
			defaultConfigurationIsVisible = 0;
			defaultConfigurationName = Debug;
		};
		9E1E12682429F4AB00CCA727 /* Build configuration list for PBXNativeTarget "TestTask Images" */ = {
			isa = XCConfigurationList;
			buildConfigurations = (
				9E1E12692429F4AB00CCA727 /* Debug */,
			);
			defaultConfigurationIsVisible = 0;
			defaultConfigurationName = Debug;
		};
/* End XCConfigurationList section */
	};
	rootObject = 9E1E124C2429F4A600CCA727 /* Project object */;
}
